// !$*UTF8*$!
{
	archiveVersion = 1;
	classes = {
	};
	objectVersion = 46;
	objects = {

/* Begin PBXBuildFile section */
		6DC85F64199E4FFD00632BE2 /* Foundation.framework in Frameworks */ = {isa = PBXBuildFile; fileRef = 6DC85F63199E4FFD00632BE2 /* Foundation.framework */; };
		6DC85F66199E4FFD00632BE2 /* CoreGraphics.framework in Frameworks */ = {isa = PBXBuildFile; fileRef = 6DC85F65199E4FFD00632BE2 /* CoreGraphics.framework */; };
		6DC85F68199E4FFD00632BE2 /* UIKit.framework in Frameworks */ = {isa = PBXBuildFile; fileRef = 6DC85F67199E4FFD00632BE2 /* UIKit.framework */; };
		6DC85F6E199E4FFD00632BE2 /* InfoPlist.strings in Resources */ = {isa = PBXBuildFile; fileRef = 6DC85F6C199E4FFD00632BE2 /* InfoPlist.strings */; };
		6DC85F70199E4FFD00632BE2 /* main.m in Sources */ = {isa = PBXBuildFile; fileRef = 6DC85F6F199E4FFD00632BE2 /* main.m */; };
		6DC85F74199E4FFD00632BE2 /* AppDelegate.m in Sources */ = {isa = PBXBuildFile; fileRef = 6DC85F73199E4FFD00632BE2 /* AppDelegate.m */; };
		6DC85F77199E4FFD00632BE2 /* Main.storyboard in Resources */ = {isa = PBXBuildFile; fileRef = 6DC85F75199E4FFD00632BE2 /* Main.storyboard */; };
		6DC85F7A199E4FFD00632BE2 /* ViewController.m in Sources */ = {isa = PBXBuildFile; fileRef = 6DC85F79199E4FFD00632BE2 /* ViewController.m */; };
		6DC85F7C199E4FFD00632BE2 /* Images.xcassets in Resources */ = {isa = PBXBuildFile; fileRef = 6DC85F7B199E4FFD00632BE2 /* Images.xcassets */; };
		6DC85F83199E4FFD00632BE2 /* XCTest.framework in Frameworks */ = {isa = PBXBuildFile; fileRef = 6DC85F82199E4FFD00632BE2 /* XCTest.framework */; };
		6DC85F84199E4FFD00632BE2 /* Foundation.framework in Frameworks */ = {isa = PBXBuildFile; fileRef = 6DC85F63199E4FFD00632BE2 /* Foundation.framework */; };
		6DC85F85199E4FFD00632BE2 /* UIKit.framework in Frameworks */ = {isa = PBXBuildFile; fileRef = 6DC85F67199E4FFD00632BE2 /* UIKit.framework */; };
		6DC85F8D199E4FFD00632BE2 /* InfoPlist.strings in Resources */ = {isa = PBXBuildFile; fileRef = 6DC85F8B199E4FFD00632BE2 /* InfoPlist.strings */; };
		6DC85F8F199E4FFD00632BE2 /* testTests.m in Sources */ = {isa = PBXBuildFile; fileRef = 6DC85F8E199E4FFD00632BE2 /* testTests.m */; };
/* End PBXBuildFile section */

/* Begin PBXContainerItemProxy section */
		6DC85F86199E4FFD00632BE2 /* PBXContainerItemProxy */ = {
			isa = PBXContainerItemProxy;
			containerPortal = 6DC85F58199E4FFD00632BE2 /* Project object */;
			proxyType = 1;
			remoteGlobalIDString = 6DC85F5F199E4FFD00632BE2;
			remoteInfo = test;
		};
/* End PBXContainerItemProxy section */

/* Begin PBXFileReference section */
		6DC85F60199E4FFD00632BE2 /* test.app */ = {isa = PBXFileReference; explicitFileType = wrapper.application; includeInIndex = 0; path = test.app; sourceTree = BUILT_PRODUCTS_DIR; };
		6DC85F63199E4FFD00632BE2 /* Foundation.framework */ = {isa = PBXFileReference; lastKnownFileType = wrapper.framework; name = Foundation.framework; path = System/Library/Frameworks/Foundation.framework; sourceTree = SDKROOT; };
		6DC85F65199E4FFD00632BE2 /* CoreGraphics.framework */ = {isa = PBXFileReference; lastKnownFileType = wrapper.framework; name = CoreGraphics.framework; path = System/Library/Frameworks/CoreGraphics.framework; sourceTree = SDKROOT; };
		6DC85F67199E4FFD00632BE2 /* UIKit.framework */ = {isa = PBXFileReference; lastKnownFileType = wrapper.framework; name = UIKit.framework; path = System/Library/Frameworks/UIKit.framework; sourceTree = SDKROOT; };
		6DC85F6B199E4FFD00632BE2 /* test-Info.plist */ = {isa = PBXFileReference; lastKnownFileType = text.plist.xml; path = "test-Info.plist"; sourceTree = "<group>"; };
		6DC85F6D199E4FFD00632BE2 /* en */ = {isa = PBXFileReference; lastKnownFileType = text.plist.strings; name = en; path = en.lproj/InfoPlist.strings; sourceTree = "<group>"; };
		6DC85F6F199E4FFD00632BE2 /* main.m */ = {isa = PBXFileReference; lastKnownFileType = sourcecode.c.objc; path = main.m; sourceTree = "<group>"; };
		6DC85F71199E4FFD00632BE2 /* test-Prefix.pch */ = {isa = PBXFileReference; lastKnownFileType = sourcecode.c.h; path = "test-Prefix.pch"; sourceTree = "<group>"; };
		6DC85F72199E4FFD00632BE2 /* AppDelegate.h */ = {isa = PBXFileReference; lastKnownFileType = sourcecode.c.h; path = AppDelegate.h; sourceTree = "<group>"; };
		6DC85F73199E4FFD00632BE2 /* AppDelegate.m */ = {isa = PBXFileReference; lastKnownFileType = sourcecode.c.objc; path = AppDelegate.m; sourceTree = "<group>"; };
		6DC85F76199E4FFD00632BE2 /* Base */ = {isa = PBXFileReference; lastKnownFileType = file.storyboard; name = Base; path = Base.lproj/Main.storyboard; sourceTree = "<group>"; };
		6DC85F78199E4FFD00632BE2 /* ViewController.h */ = {isa = PBXFileReference; lastKnownFileType = sourcecode.c.h; path = ViewController.h; sourceTree = "<group>"; };
		6DC85F79199E4FFD00632BE2 /* ViewController.m */ = {isa = PBXFileReference; lastKnownFileType = sourcecode.c.objc; path = ViewController.m; sourceTree = "<group>"; };
		6DC85F7B199E4FFD00632BE2 /* Images.xcassets */ = {isa = PBXFileReference; lastKnownFileType = folder.assetcatalog; path = Images.xcassets; sourceTree = "<group>"; };
		6DC85F81199E4FFD00632BE2 /* testTests.xctest */ = {isa = PBXFileReference; explicitFileType = wrapper.cfbundle; includeInIndex = 0; path = testTests.xctest; sourceTree = BUILT_PRODUCTS_DIR; };
		6DC85F82199E4FFD00632BE2 /* XCTest.framework */ = {isa = PBXFileReference; lastKnownFileType = wrapper.framework; name = XCTest.framework; path = Library/Frameworks/XCTest.framework; sourceTree = DEVELOPER_DIR; };
		6DC85F8A199E4FFD00632BE2 /* testTests-Info.plist */ = {isa = PBXFileReference; lastKnownFileType = text.plist.xml; path = "testTests-Info.plist"; sourceTree = "<group>"; };
		6DC85F8C199E4FFD00632BE2 /* en */ = {isa = PBXFileReference; lastKnownFileType = text.plist.strings; name = en; path = en.lproj/InfoPlist.strings; sourceTree = "<group>"; };
		6DC85F8E199E4FFD00632BE2 /* testTests.m */ = {isa = PBXFileReference; lastKnownFileType = sourcecode.c.objc; path = testTests.m; sourceTree = "<group>"; };
/* End PBXFileReference section */

/* Begin PBXFrameworksBuildPhase section */
		6DC85F5D199E4FFD00632BE2 /* Frameworks */ = {
			isa = PBXFrameworksBuildPhase;
			buildActionMask = 2147483647;
			files = (
				6DC85F66199E4FFD00632BE2 /* CoreGraphics.framework in Frameworks */,
				6DC85F68199E4FFD00632BE2 /* UIKit.framework in Frameworks */,
				6DC85F64199E4FFD00632BE2 /* Foundation.framework in Frameworks */,
			);
			runOnlyForDeploymentPostprocessing = 0;
		};
		6DC85F7E199E4FFD00632BE2 /* Frameworks */ = {
			isa = PBXFrameworksBuildPhase;
			buildActionMask = 2147483647;
			files = (
				6DC85F83199E4FFD00632BE2 /* XCTest.framework in Frameworks */,
				6DC85F85199E4FFD00632BE2 /* UIKit.framework in Frameworks */,
				6DC85F84199E4FFD00632BE2 /* Foundation.framework in Frameworks */,
			);
			runOnlyForDeploymentPostprocessing = 0;
		};
/* End PBXFrameworksBuildPhase section */

/* Begin PBXGroup section */
		6DC85F57199E4FFD00632BE2 = {
			isa = PBXGroup;
			children = (
				6DC85F69199E4FFD00632BE2 /* test */,
				6DC85F88199E4FFD00632BE2 /* testTests */,
				6DC85F62199E4FFD00632BE2 /* Frameworks */,
				6DC85F61199E4FFD00632BE2 /* Products */,
			);
			sourceTree = "<group>";
		};
		6DC85F61199E4FFD00632BE2 /* Products */ = {
			isa = PBXGroup;
			children = (
				6DC85F60199E4FFD00632BE2 /* test.app */,
				6DC85F81199E4FFD00632BE2 /* testTests.xctest */,
			);
			name = Products;
			sourceTree = "<group>";
		};
		6DC85F62199E4FFD00632BE2 /* Frameworks */ = {
			isa = PBXGroup;
			children = (
				6DC85F63199E4FFD00632BE2 /* Foundation.framework */,
				6DC85F65199E4FFD00632BE2 /* CoreGraphics.framework */,
				6DC85F67199E4FFD00632BE2 /* UIKit.framework */,
				6DC85F82199E4FFD00632BE2 /* XCTest.framework */,
			);
			name = Frameworks;
			sourceTree = "<group>";
		};
		6DC85F69199E4FFD00632BE2 /* test */ = {
			isa = PBXGroup;
			children = (
				6DC85F72199E4FFD00632BE2 /* AppDelegate.h */,
				6DC85F73199E4FFD00632BE2 /* AppDelegate.m */,
				6DC85F75199E4FFD00632BE2 /* Main.storyboard */,
				6DC85F78199E4FFD00632BE2 /* ViewController.h */,
				6DC85F79199E4FFD00632BE2 /* ViewController.m */,
				6DC85F7B199E4FFD00632BE2 /* Images.xcassets */,
				6DC85F6A199E4FFD00632BE2 /* Supporting Files */,
			);
			path = test;
			sourceTree = "<group>";
		};
		6DC85F6A199E4FFD00632BE2 /* Supporting Files */ = {
			isa = PBXGroup;
			children = (
				6DC85F6B199E4FFD00632BE2 /* test-Info.plist */,
				6DC85F6C199E4FFD00632BE2 /* InfoPlist.strings */,
				6DC85F6F199E4FFD00632BE2 /* main.m */,
				6DC85F71199E4FFD00632BE2 /* test-Prefix.pch */,
			);
			name = "Supporting Files";
			sourceTree = "<group>";
		};
		6DC85F88199E4FFD00632BE2 /* testTests */ = {
			isa = PBXGroup;
			children = (
				6DC85F8E199E4FFD00632BE2 /* testTests.m */,
				6DC85F89199E4FFD00632BE2 /* Supporting Files */,
			);
			path = testTests;
			sourceTree = "<group>";
		};
		6DC85F89199E4FFD00632BE2 /* Supporting Files */ = {
			isa = PBXGroup;
			children = (
				6DC85F8A199E4FFD00632BE2 /* testTests-Info.plist */,
				6DC85F8B199E4FFD00632BE2 /* InfoPlist.strings */,
			);
			name = "Supporting Files";
			sourceTree = "<group>";
		};
/* End PBXGroup section */

/* Begin PBXNativeTarget section */
		6DC85F5F199E4FFD00632BE2 /* test */ = {
			isa = PBXNativeTarget;
			buildConfigurationList = 6DC85F92199E4FFD00632BE2 /* Build configuration list for PBXNativeTarget "test" */;
			buildPhases = (
				6DC85F5C199E4FFD00632BE2 /* Sources */,
				6DC85F5D199E4FFD00632BE2 /* Frameworks */,
				6DC85F5E199E4FFD00632BE2 /* Resources */,
			);
			buildRules = (
			);
			dependencies = (
			);
			name = test;
			productName = test;
			productReference = 6DC85F60199E4FFD00632BE2 /* test.app */;
			productType = "com.apple.product-type.application";
		};
		6DC85F80199E4FFD00632BE2 /* testTests */ = {
			isa = PBXNativeTarget;
			buildConfigurationList = 6DC85F95199E4FFD00632BE2 /* Build configuration list for PBXNativeTarget "testTests" */;
			buildPhases = (
				6DC85F7D199E4FFD00632BE2 /* Sources */,
				6DC85F7E199E4FFD00632BE2 /* Frameworks */,
				6DC85F7F199E4FFD00632BE2 /* Resources */,
			);
			buildRules = (
			);
			dependencies = (
				6DC85F87199E4FFD00632BE2 /* PBXTargetDependency */,
			);
			name = testTests;
			productName = testTests;
			productReference = 6DC85F81199E4FFD00632BE2 /* testTests.xctest */;
			productType = "com.apple.product-type.bundle.unit-test";
		};
/* End PBXNativeTarget section */

/* Begin PBXProject section */
		6DC85F58199E4FFD00632BE2 /* Project object */ = {
			isa = PBXProject;
			attributes = {
				LastUpgradeCheck = 0510;
				TargetAttributes = {
					6DC85F80199E4FFD00632BE2 = {
						TestTargetID = 6DC85F5F199E4FFD00632BE2;
					};
				};
			};
			buildConfigurationList = 6DC85F5B199E4FFD00632BE2 /* Build configuration list for PBXProject "test" */;
			compatibilityVersion = "Xcode 3.2";
			developmentRegion = English;
			hasScannedForEncodings = 0;
			knownRegions = (
				en,
				Base,
			);
			mainGroup = 6DC85F57199E4FFD00632BE2;
			productRefGroup = 6DC85F61199E4FFD00632BE2 /* Products */;
			projectDirPath = "";
			projectRoot = "";
			targets = (
				6DC85F5F199E4FFD00632BE2 /* test */,
				6DC85F80199E4FFD00632BE2 /* testTests */,
			);
		};
/* End PBXProject section */

/* Begin PBXResourcesBuildPhase section */
		6DC85F5E199E4FFD00632BE2 /* Resources */ = {
			isa = PBXResourcesBuildPhase;
			buildActionMask = 2147483647;
			files = (
				6DC85F7C199E4FFD00632BE2 /* Images.xcassets in Resources */,
				6DC85F6E199E4FFD00632BE2 /* InfoPlist.strings in Resources */,
				6DC85F77199E4FFD00632BE2 /* Main.storyboard in Resources */,
			);
			runOnlyForDeploymentPostprocessing = 0;
		};
		6DC85F7F199E4FFD00632BE2 /* Resources */ = {
			isa = PBXResourcesBuildPhase;
			buildActionMask = 2147483647;
			files = (
				6DC85F8D199E4FFD00632BE2 /* InfoPlist.strings in Resources */,
			);
			runOnlyForDeploymentPostprocessing = 0;
		};
/* End PBXResourcesBuildPhase section */

/* Begin PBXSourcesBuildPhase section */
		6DC85F5C199E4FFD00632BE2 /* Sources */ = {
			isa = PBXSourcesBuildPhase;
			buildActionMask = 2147483647;
			files = (
				6DC85F7A199E4FFD00632BE2 /* ViewController.m in Sources */,
				6DC85F74199E4FFD00632BE2 /* AppDelegate.m in Sources */,
				6DC85F70199E4FFD00632BE2 /* main.m in Sources */,
			);
			runOnlyForDeploymentPostprocessing = 0;
		};
		6DC85F7D199E4FFD00632BE2 /* Sources */ = {
			isa = PBXSourcesBuildPhase;
			buildActionMask = 2147483647;
			files = (
				6DC85F8F199E4FFD00632BE2 /* testTests.m in Sources */,
			);
			runOnlyForDeploymentPostprocessing = 0;
		};
/* End PBXSourcesBuildPhase section */

/* Begin PBXTargetDependency section */
		6DC85F87199E4FFD00632BE2 /* PBXTargetDependency */ = {
			isa = PBXTargetDependency;
			target = 6DC85F5F199E4FFD00632BE2 /* test */;
			targetProxy = 6DC85F86199E4FFD00632BE2 /* PBXContainerItemProxy */;
		};
/* End PBXTargetDependency section */

/* Begin PBXVariantGroup section */
		6DC85F6C199E4FFD00632BE2 /* InfoPlist.strings */ = {
			isa = PBXVariantGroup;
			children = (
				6DC85F6D199E4FFD00632BE2 /* en */,
			);
			name = InfoPlist.strings;
			sourceTree = "<group>";
		};
		6DC85F75199E4FFD00632BE2 /* Main.storyboard */ = {
			isa = PBXVariantGroup;
			children = (
				6DC85F76199E4FFD00632BE2 /* Base */,
			);
			name = Main.storyboard;
			sourceTree = "<group>";
		};
		6DC85F8B199E4FFD00632BE2 /* InfoPlist.strings */ = {
			isa = PBXVariantGroup;
			children = (
				6DC85F8C199E4FFD00632BE2 /* en */,
			);
			name = InfoPlist.strings;
			sourceTree = "<group>";
		};
/* End PBXVariantGroup section */

/* Begin XCBuildConfiguration section */
		6DC85F90199E4FFD00632BE2 /* Debug */ = {
			isa = XCBuildConfiguration;
			buildSettings = {
				ALWAYS_SEARCH_USER_PATHS = NO;
				CLANG_CXX_LANGUAGE_STANDARD = "gnu++0x";
				CLANG_CXX_LIBRARY = "libc++";
				CLANG_ENABLE_MODULES = YES;
				CLANG_ENABLE_OBJC_ARC = YES;
				CLANG_WARN_BOOL_CONVERSION = YES;
				CLANG_WARN_CONSTANT_CONVERSION = YES;
				CLANG_WARN_DIRECT_OBJC_ISA_USAGE = YES_ERROR;
				CLANG_WARN_EMPTY_BODY = YES;
				CLANG_WARN_ENUM_CONVERSION = YES;
				CLANG_WARN_INT_CONVERSION = YES;
				CLANG_WARN_OBJC_ROOT_CLASS = YES_ERROR;
				CLANG_WARN__DUPLICATE_METHOD_MATCH = YES;
				"CODE_SIGN_IDENTITY[sdk=iphoneos*]" = "iPhone Developer";
				COPY_PHASE_STRIP = NO;
				GCC_C_LANGUAGE_STANDARD = gnu99;
				GCC_DYNAMIC_NO_PIC = NO;
				GCC_OPTIMIZATION_LEVEL = 0;
				GCC_PREPROCESSOR_DEFINITIONS = (
					"DEBUG=1",
					"$(inherited)",
				);
				GCC_SYMBOLS_PRIVATE_EXTERN = NO;
				GCC_WARN_64_TO_32_BIT_CONVERSION = YES;
				GCC_WARN_ABOUT_RETURN_TYPE = YES_ERROR;
				GCC_WARN_UNDECLARED_SELECTOR = YES;
				GCC_WARN_UNINITIALIZED_AUTOS = YES_AGGRESSIVE;
				GCC_WARN_UNUSED_FUNCTION = YES;
				GCC_WARN_UNUSED_VARIABLE = YES;
				IPHONEOS_DEPLOYMENT_TARGET = 7.1;
				ONLY_ACTIVE_ARCH = YES;
				SDKROOT = iphoneos;
			};
			name = Debug;
		};
		6DC85F91199E4FFD00632BE2 /* Release */ = {
			isa = XCBuildConfiguration;
			buildSettings = {
				ALWAYS_SEARCH_USER_PATHS = NO;
				CLANG_CXX_LANGUAGE_STANDARD = "gnu++0x";
				CLANG_CXX_LIBRARY = "libc++";
				CLANG_ENABLE_MODULES = YES;
				CLANG_ENABLE_OBJC_ARC = YES;
				CLANG_WARN_BOOL_CONVERSION = YES;
				CLANG_WARN_CONSTANT_CONVERSION = YES;
				CLANG_WARN_DIRECT_OBJC_ISA_USAGE = YES_ERROR;
				CLANG_WARN_EMPTY_BODY = YES;
				CLANG_WARN_ENUM_CONVERSION = YES;
				CLANG_WARN_INT_CONVERSION = YES;
				CLANG_WARN_OBJC_ROOT_CLASS = YES_ERROR;
				CLANG_WARN__DUPLICATE_METHOD_MATCH = YES;
				"CODE_SIGN_IDENTITY[sdk=iphoneos*]" = "iPhone Developer";
				COPY_PHASE_STRIP = YES;
				ENABLE_NS_ASSERTIONS = NO;
				GCC_C_LANGUAGE_STANDARD = gnu99;
				GCC_WARN_64_TO_32_BIT_CONVERSION = YES;
				GCC_WARN_ABOUT_RETURN_TYPE = YES_ERROR;
				GCC_WARN_UNDECLARED_SELECTOR = YES;
				GCC_WARN_UNINITIALIZED_AUTOS = YES_AGGRESSIVE;
				GCC_WARN_UNUSED_FUNCTION = YES;
				GCC_WARN_UNUSED_VARIABLE = YES;
				IPHONEOS_DEPLOYMENT_TARGET = 7.1;
				SDKROOT = iphoneos;
				VALIDATE_PRODUCT = YES;
			};
			name = Release;
		};
		6DC85F93199E4FFD00632BE2 /* Debug */ = {
			isa = XCBuildConfiguration;
			buildSettings = {
				ASSETCATALOG_COMPILER_APPICON_NAME = AppIcon;
				ASSETCATALOG_COMPILER_LAUNCHIMAGE_NAME = LaunchImage;
				GCC_PRECOMPILE_PREFIX_HEADER = YES;
				GCC_PREFIX_HEADER = "test/test-Prefix.pch";
				INFOPLIST_FILE = "test/test-Info.plist";
				PRODUCT_NAME = "$(TARGET_NAME)";
				WRAPPER_EXTENSION = app;
			};
			name = Debug;
		};
		6DC85F94199E4FFD00632BE2 /* Release */ = {
			isa = XCBuildConfiguration;
			buildSettings = {
				ASSETCATALOG_COMPILER_APPICON_NAME = AppIcon;
				ASSETCATALOG_COMPILER_LAUNCHIMAGE_NAME = LaunchImage;
				GCC_PRECOMPILE_PREFIX_HEADER = YES;
				GCC_PREFIX_HEADER = "test/test-Prefix.pch";
				INFOPLIST_FILE = "test/test-Info.plist";
				PRODUCT_NAME = "$(TARGET_NAME)";
				WRAPPER_EXTENSION = app;
			};
			name = Release;
		};
		6DC85F96199E4FFD00632BE2 /* Debug */ = {
			isa = XCBuildConfiguration;
			buildSettings = {
				BUNDLE_LOADER = "$(BUILT_PRODUCTS_DIR)/test.app/test";
				FRAMEWORK_SEARCH_PATHS = (
					"$(SDKROOT)/Developer/Library/Frameworks",
					"$(inherited)",
					"$(DEVELOPER_FRAMEWORKS_DIR)",
				);
				GCC_PRECOMPILE_PREFIX_HEADER = YES;
				GCC_PREFIX_HEADER = "test/test-Prefix.pch";
				GCC_PREPROCESSOR_DEFINITIONS = (
					"DEBUG=1",
					"$(inherited)",
				);
				INFOPLIST_FILE = "testTests/testTests-Info.plist";
				PRODUCT_NAME = "$(TARGET_NAME)";
				TEST_HOST = "$(BUNDLE_LOADER)";
				WRAPPER_EXTENSION = xctest;
			};
			name = Debug;
		};
		6DC85F97199E4FFD00632BE2 /* Release */ = {
			isa = XCBuildConfiguration;
			buildSettings = {
				BUNDLE_LOADER = "$(BUILT_PRODUCTS_DIR)/test.app/test";
				FRAMEWORK_SEARCH_PATHS = (
					"$(SDKROOT)/Developer/Library/Frameworks",
					"$(inherited)",
					"$(DEVELOPER_FRAMEWORKS_DIR)",
				);
				GCC_PRECOMPILE_PREFIX_HEADER = YES;
				GCC_PREFIX_HEADER = "test/test-Prefix.pch";
				INFOPLIST_FILE = "testTests/testTests-Info.plist";
				PRODUCT_NAME = "$(TARGET_NAME)";
				TEST_HOST = "$(BUNDLE_LOADER)";
				WRAPPER_EXTENSION = xctest;
			};
			name = Release;
		};
/* End XCBuildConfiguration section */

/* Begin XCConfigurationList section */
		6DC85F5B199E4FFD00632BE2 /* Build configuration list for PBXProject "test" */ = {
			isa = XCConfigurationList;
			buildConfigurations = (
				6DC85F90199E4FFD00632BE2 /* Debug */,
				6DC85F91199E4FFD00632BE2 /* Release */,
			);
			defaultConfigurationIsVisible = 0;
			defaultConfigurationName = Release;
		};
		6DC85F92199E4FFD00632BE2 /* Build configuration list for PBXNativeTarget "test" */ = {
			isa = XCConfigurationList;
			buildConfigurations = (
				6DC85F93199E4FFD00632BE2 /* Debug */,
				6DC85F94199E4FFD00632BE2 /* Release */,
			);
			defaultConfigurationIsVisible = 0;
		};
		6DC85F95199E4FFD00632BE2 /* Build configuration list for PBXNativeTarget "testTests" */ = {
			isa = XCConfigurationList;
			buildConfigurations = (
				6DC85F96199E4FFD00632BE2 /* Debug */,
				6DC85F97199E4FFD00632BE2 /* Release */,
			);
			defaultConfigurationIsVisible = 0;
		};
/* End XCConfigurationList section */
	};
	rootObject = 6DC85F58199E4FFD00632BE2 /* Project object */;
}
